hash: d1669ec4f8f3473bd8034d226708e78020e06829b8cd1b719d8ee7c827f0270a
updated: 2016-02-12T22:52:25.414624316+01:00
imports:
- name: github.com/golang/glog
  version: 23def4e6c14b4da8ac2ed8007337bc5eb5007998
  repo: https://github.com/golang/glog
- name: github.com/golang/protobuf
  version: 0dfe8f37844c14cb32c7247925270e0f7ba90973
- name: github.com/jessevdk/go-flags
  version: 97448c91aac742cbca3d020b3e769013a420a06f
- name: github.com/rlmcpherson/s3gof3r
  version: 39f5507f61031141057f3f880d9fb9eb97b8afd7
- name: golang.org/x/crypto
  version: 1f22c0103821b9390939b6776727195525381532
- name: golang.org/x/net
  version: 8968c61983e8f51a91b8c0ef25bf739278c89634
  subpackages:
  - context
- name: golang.org/x/oauth2
  version: 8a57ed94ffd43444c0879fe75701732a38afc985
  subpackages:
  - google
- name: golang.org/x/text
  version: 07b9a78963006a15c538ec5175243979025fa7a8
  repo: https://golang.org/x/text
- name: google.golang.org/api
  version: 8a448fd57af58b0eaeb8fde0345ec7ae88e55076
- name: google.golang.org/appengine
  version: 6a436539be38c296a8075a871cc536686b458371
  repo: https://google.golang.org/appengine
- name: google.golang.org/cloud
  version: 13a9796a2e309e58ed41962c740c11042bc9db63
  subpackages:
  - storage
- name: google.golang.org/grpc
  version: 9f938685821d584ebcc09ae25c1aff0db708a3f6
devImports: []
